{
  "name": "bare-bundle-transform",
  "version": "0.0.1",
  "lockfileVersion": 3,
  "requires": true,
  "packages": {
    "": {
      "name": "bare-bundle-transform",
      "version": "0.0.1",
      "license": "Apache-2.0",
      "dependencies": {
        "bare-bundle": "^1.9.0",
        "paparam": "^1.8.5"
      },
      "bin": {
        "bare-bundle-transform": "bin.js"
      },
      "devDependencies": {
        "bare-pack": "^1.4.5",
        "brittle": "^3.18.3",
        "prettier": "^3.6.2",
        "prettier-config-standard": "^7.0.0",
        "regexpu": "^4.8.0"
      }
    },
    "node_modules/@jridgewell/resolve-uri": {
      "version": "3.1.2",
      "resolved": "https://registry.npmjs.org/@jridgewell/resolve-uri/-/resolve-uri-3.1.2.tgz",
      "integrity": "sha512-bRISgCIjP20/tbWSPWMEi54QVPRZExkuD9lJL+UIxUKtwVJA8wW1Trb1jMs1RFXo1CBTNZ/5hpC9QvmKWdopKw==",
      "dev": true,
      "license": "MIT",
      "engines": {
        "node": ">=6.0.0"
      }
    },
    "node_modules/@jridgewell/sourcemap-codec": {
      "version": "1.5.5",
      "resolved": "https://registry.npmjs.org/@jridgewell/sourcemap-codec/-/sourcemap-codec-1.5.5.tgz",
      "integrity": "sha512-cYQ9310grqxueWbl+WuIUIaiUaDcj7WOq5fVhEljNVgRfOUhY9fy2zTvfoqWsnebh8Sl70VScFbICvJnLKB0Og==",
      "dev": true,
      "license": "MIT"
    },
    "node_modules/@jridgewell/trace-mapping": {
      "version": "0.3.30",
      "resolved": "https://registry.npmjs.org/@jridgewell/trace-mapping/-/trace-mapping-0.3.30.tgz",
      "integrity": "sha512-GQ7Nw5G2lTu/BtHTKfXhKHok2WGetd4XYcVKGx00SjAk8GMwgJM3zr6zORiPGuOE+/vkc90KtTosSSvaCjKb2Q==",
      "dev": true,
      "license": "MIT",
      "dependencies": {
        "@jridgewell/resolve-uri": "^3.1.0",
        "@jridgewell/sourcemap-codec": "^1.4.14"
      }
    },
    "node_modules/@types/istanbul-lib-coverage": {
      "version": "2.0.6",
      "resolved": "https://registry.npmjs.org/@types/istanbul-lib-coverage/-/istanbul-lib-coverage-2.0.6.tgz",
      "integrity": "sha512-2QF/t/auWm0lsy8XtKVPG19v3sSOQlJe/YHZgfjb/KBBHOGSV+J2q/S671rcq9uTBrLAXmZpqJiaQbMT+zNU1w==",
      "dev": true,
      "license": "MIT"
    },
    "node_modules/ast-types": {
      "version": "0.14.2",
      "resolved": "https://registry.npmjs.org/ast-types/-/ast-types-0.14.2.tgz",
      "integrity": "sha512-O0yuUDnZeQDL+ncNGlJ78BiO4jnYI3bvMsD5prT0/nsgijG/LpNBIr63gTjVTNsiGkgQhiyCShTgxt8oXOrklA==",
      "dev": true,
      "license": "MIT",
      "dependencies": {
        "tslib": "^2.0.1"
      },
      "engines": {
        "node": ">=4"
      }
    },
    "node_modules/b4a": {
      "version": "1.6.7",
      "resolved": "https://registry.npmjs.org/b4a/-/b4a-1.6.7.tgz",
      "integrity": "sha512-OnAYlL5b7LEkALw87fUVafQw5rVR9RjwGd4KUwNQ6DrrNmaVaUCgLipfVlzrPQ4tWOR9P0IXGNOx50jYCCdSJg==",
      "dev": true,
      "license": "Apache-2.0"
    },
    "node_modules/bare-addon-resolve": {
      "version": "1.9.4",
      "resolved": "https://registry.npmjs.org/bare-addon-resolve/-/bare-addon-resolve-1.9.4.tgz",
      "integrity": "sha512-unn6Vy/Yke6F99vg/7tcrvM2KUvIhTNniaSqDbam4AWkd4NhvDVSrQiRYVlNzUV2P7SPobkCK7JFVxrJk9btCg==",
      "dev": true,
      "license": "Apache-2.0",
      "dependencies": {
        "bare-module-resolve": "^1.10.0",
        "bare-semver": "^1.0.0"
      },
      "peerDependencies": {
        "bare-url": "*"
      },
      "peerDependenciesMeta": {
        "bare-url": {
          "optional": true
        }
      }
    },
    "node_modules/bare-ansi-escapes": {
      "version": "2.2.3",
      "resolved": "https://registry.npmjs.org/bare-ansi-escapes/-/bare-ansi-escapes-2.2.3.tgz",
      "integrity": "sha512-02ES4/E2RbrtZSnHJ9LntBhYkLA6lPpSEeP8iqS3MccBIVhVBlEmruF1I7HZqx5Q8aiTeYfQVeqmrU9YO2yYoQ==",
      "dev": true,
      "license": "Apache-2.0",
      "dependencies": {
        "bare-stream": "^2.6.5"
      },
      "peerDependencies": {
        "bare-buffer": "*"
      },
      "peerDependenciesMeta": {
        "bare-buffer": {
          "optional": true
        }
      }
    },
    "node_modules/bare-assert": {
      "version": "1.1.0",
      "resolved": "https://registry.npmjs.org/bare-assert/-/bare-assert-1.1.0.tgz",
      "integrity": "sha512-G/oDyI81+FR4Qri6nS+b4XRoh8wjuBMua3R69kIytSdXsl+VD3Qo95im2D+0cL5wXJ5kgxmdUJ0n4nYAA73yNg==",
      "dev": true,
      "license": "Apache-2.0",
      "dependencies": {
        "bare-inspect": "^3.1.2"
      }
    },
    "node_modules/bare-buffer": {
      "version": "3.3.1",
      "resolved": "https://registry.npmjs.org/bare-buffer/-/bare-buffer-3.3.1.tgz",
      "integrity": "sha512-BjsDDn3MUhl+D1774DKKfWiM38PTuw3zTEmzDb8IgSK6j9vN5GMOG/ldiJN1lnCWwFEp0OaMl7hfUsep+6cWCA==",
      "devOptional": true,
      "license": "Apache-2.0",
      "peer": true,
      "engines": {
        "bare": ">=1.20.0"
      }
    },
    "node_modules/bare-bundle": {
      "version": "1.9.0",
      "resolved": "https://registry.npmjs.org/bare-bundle/-/bare-bundle-1.9.0.tgz",
      "integrity": "sha512-gijOehBzoBD/hmoMK12QOw33uhR0ssU5Tys7pxjRcdLH+u0OVa57VIGqyaNxl9qBrehX8N+bhIQ+vvI6Y0hJ9g==",
      "license": "Apache-2.0",
      "peerDependencies": {
        "bare-buffer": "*",
        "bare-url": "*"
      },
      "peerDependenciesMeta": {
        "bare-buffer": {
          "optional": true
        },
        "bare-url": {
          "optional": true
        }
      }
    },
    "node_modules/bare-bundle-id": {
      "version": "1.0.1",
      "resolved": "https://registry.npmjs.org/bare-bundle-id/-/bare-bundle-id-1.0.1.tgz",
      "integrity": "sha512-fMdZNrtgmDhAZ6sGXp2R9+pv7BHxOiH5MkO2IV2e3dpG6GYA3pI4YqZWcPQCLptApFydbButaQXjKc/cth39nA==",
      "dev": true,
      "license": "Apache-2.0",
      "dependencies": {
        "sodium-native": "^5.0.1"
      },
      "peerDependencies": {
        "bare-buffer": "*",
        "bare-bundle": "*"
      }
    },
    "node_modules/bare-cov": {
      "version": "1.1.2",
      "resolved": "https://registry.npmjs.org/bare-cov/-/bare-cov-1.1.2.tgz",
      "integrity": "sha512-RIxHtqQIUq0VBQZvVCbiY/H0yL7Q69JamrB2IECwXed4rD6csDVd6/24iRsgadu+YAiTc1HMHaBd4pQusRWS+w==",
      "dev": true,
      "license": "Apache-2.0",
      "dependencies": {
        "bare-fs": "^4.1.2",
        "bare-inspector": "^4.0.1",
        "bare-path": "^3.0.0",
        "bare-process": "^4.2.1",
        "bare-url": "^2.1.5",
        "bare-v8-to-istanbul": "v1.0.1",
        "picomatch": "^4.0.2",
        "which-runtime": "^1.2.1"
      }
    },
    "node_modules/bare-crypto": {
      "version": "1.11.2",
      "resolved": "https://registry.npmjs.org/bare-crypto/-/bare-crypto-1.11.2.tgz",
      "integrity": "sha512-frwW8a5ZeIzkg6jyjJ5g+yQQmsWa5DhLnRr92fsKQx00dA3aWU7zDLFg7Jlr5xNCvNhYElLI3Zd6u8cPj79ZOw==",
      "dev": true,
      "license": "Apache-2.0",
      "dependencies": {
        "bare-stream": "^2.6.3"
      },
      "peerDependencies": {
        "bare-buffer": "*"
      },
      "peerDependenciesMeta": {
        "bare-buffer": {
          "optional": true
        }
      }
    },
    "node_modules/bare-debug-log": {
      "version": "2.0.0",
      "resolved": "https://registry.npmjs.org/bare-debug-log/-/bare-debug-log-2.0.0.tgz",
      "integrity": "sha512-Vi42PkMQsNV9PUpx2Gl1hikshx5O9FzMJ6o9Nnopseg7qLBBK7Nl31d0RHcfwLEAfmcPApytpc0ZFfq68u22FQ==",
      "dev": true,
      "license": "Apache-2.0",
      "dependencies": {
        "bare-os": "^3.0.1"
      }
    },
    "node_modules/bare-dns": {
      "version": "2.1.4",
      "resolved": "https://registry.npmjs.org/bare-dns/-/bare-dns-2.1.4.tgz",
      "integrity": "sha512-abwjHmpWqSRNB7V5615QxPH92L71AVzFm/kKTs8VYiNTAi2xVdonpv0BjJ0hwXLwomoW+xsSOPjW6PZPO14asg==",
      "dev": true,
      "license": "Apache-2.0",
      "engines": {
        "bare": ">=1.7.0"
      }
    },
    "node_modules/bare-encoding": {
      "version": "1.0.0",
      "resolved": "https://registry.npmjs.org/bare-encoding/-/bare-encoding-1.0.0.tgz",
      "integrity": "sha512-9T5CSCaytaIWZpFWx9LQLJ6/z/m2Slnan9tQBKmOvoq/UtPBbOKT/B2fo29Xhi4X1FFtNx8DFdtrFgqm2yse/Q==",
      "dev": true,
      "license": "Apache-2.0",
      "peerDependencies": {
        "bare-buffer": "*"
      },
      "peerDependenciesMeta": {
        "bare-buffer": {
          "optional": true
        }
      }
    },
    "node_modules/bare-env": {
      "version": "3.0.0",
      "resolved": "https://registry.npmjs.org/bare-env/-/bare-env-3.0.0.tgz",
      "integrity": "sha512-0u964P5ZLAxTi+lW4Kjp7YRJQ5gZr9ycYOtjLxsSrupgMz3sn5Z9n4SH/JIifHwvadsf1brA2JAjP+9IOWwTiw==",
      "dev": true,
      "license": "Apache-2.0",
      "dependencies": {
        "bare-os": "^3.0.1"
      }
    },
    "node_modules/bare-events": {
      "version": "2.6.1",
      "resolved": "https://registry.npmjs.org/bare-events/-/bare-events-2.6.1.tgz",
      "integrity": "sha512-AuTJkq9XmE6Vk0FJVNq5QxETrSA/vKHarWVBG5l/JbdCL1prJemiyJqUS0jrlXO0MftuPq4m3YVYhoNc5+aE/g==",
      "dev": true,
      "license": "Apache-2.0"
    },
    "node_modules/bare-format": {
      "version": "1.0.1",
      "resolved": "https://registry.npmjs.org/bare-format/-/bare-format-1.0.1.tgz",
      "integrity": "sha512-1oS+LZrWK6tnYnvNSHDGljc2MPunRxwhpFriuCgzNF+oklrnwmBKD91tS0yt+jpl2j3UgcSDzBIMiVTvLs9A8w==",
      "dev": true,
      "license": "Apache-2.0",
      "dependencies": {
        "bare-inspect": "^3.0.0"
      }
    },
    "node_modules/bare-fs": {
      "version": "4.2.3",
      "resolved": "https://registry.npmjs.org/bare-fs/-/bare-fs-4.2.3.tgz",
      "integrity": "sha512-1aGs5pRVLToMQ79elP+7cc0u0s/wXAzfBv/7hDloT7WFggLqECCas5qqPky7WHCFdsBH5WDq6sD4fAoz5sJbtA==",
      "dev": true,
      "license": "Apache-2.0",
      "dependencies": {
        "bare-events": "^2.5.4",
        "bare-path": "^3.0.0",
        "bare-stream": "^2.6.4"
      },
      "engines": {
        "bare": ">=1.16.0"
      },
      "peerDependencies": {
        "bare-buffer": "*"
      },
      "peerDependenciesMeta": {
        "bare-buffer": {
          "optional": true
        }
      }
    },
    "node_modules/bare-hrtime": {
      "version": "2.1.0",
      "resolved": "https://registry.npmjs.org/bare-hrtime/-/bare-hrtime-2.1.0.tgz",
      "integrity": "sha512-Y72D/5k/q7ViBofHLL4XPjBBSp8/ClzL+Cr8na9uozIPAfxFZu8LxuMyL2d6MV/Ogmjn7zPJpM1NDzKSl6BT6w==",
      "dev": true,
      "license": "Apache-2.0"
    },
    "node_modules/bare-http1": {
      "version": "4.0.4",
      "resolved": "https://registry.npmjs.org/bare-http1/-/bare-http1-4.0.4.tgz",
      "integrity": "sha512-QDevXl9l1as1Xl3tXvcUna6cpySpmaQHL3lNnB60+ps46Rn7wTVfiZA9CLdaPzVgsz6Oz7IfIS7xdquBDldAdQ==",
      "dev": true,
      "license": "Apache-2.0",
      "dependencies": {
        "bare-events": "^2.6.0",
        "bare-stream": "^2.3.0",
        "bare-tcp": "^2.0.3"
      },
      "peerDependencies": {
        "bare-buffer": "*",
        "bare-url": "*"
      },
      "peerDependenciesMeta": {
        "bare-buffer": {
          "optional": true
        },
        "bare-url": {
          "optional": true
        }
      }
    },
    "node_modules/bare-https": {
      "version": "2.0.0",
      "resolved": "https://registry.npmjs.org/bare-https/-/bare-https-2.0.0.tgz",
      "integrity": "sha512-qmjNZmYQ4nn+k3CLlxVyOqWYamdBPqE7psR5/lFWG39fskAR4C2h29d1Ka5BeWOGDAWhXImFIwZUxwCE/7xeLA==",
      "dev": true,
      "license": "Apache-2.0",
      "dependencies": {
        "bare-http1": "^4.0.0",
        "bare-tcp": "^2.0.0",
        "bare-tls": "^2.0.0"
      }
    },
    "node_modules/bare-inspect": {
      "version": "3.1.2",
      "resolved": "https://registry.npmjs.org/bare-inspect/-/bare-inspect-3.1.2.tgz",
      "integrity": "sha512-K0JmCV0q34SySELz5QiY6BK4vBQ0jmywkCj3Iw6jIh53niN5fZUOPmAVZy0k9RrylylwWaiiVMWenzDD/yvo3A==",
      "dev": true,
      "license": "Apache-2.0",
      "dependencies": {
        "bare-ansi-escapes": "^2.1.0",
        "bare-type": "^1.0.0"
      },
      "engines": {
        "bare": ">=1.18.0"
      }
    },
    "node_modules/bare-inspector": {
      "version": "4.0.3",
      "resolved": "https://registry.npmjs.org/bare-inspector/-/bare-inspector-4.0.3.tgz",
      "integrity": "sha512-yYk6+7tTVKJKHOja5+QBn989ETv8oVsmwoH0nCM+QYC6w5MC03GC4aQNK+lipAZSz1EaAj42WZ8Wewjpy0L9TA==",
      "dev": true,
      "license": "Apache-2.0",
      "dependencies": {
        "bare-events": "^2.1.0",
        "bare-http1": "^4.0.0",
        "bare-stream": "^2.0.0",
        "bare-url": "^2.0.0",
        "bare-ws": "^2.0.0"
      },
      "engines": {
        "bare": ">=1.2.0"
      },
      "peerDependencies": {
        "bare-tcp": "*"
      },
      "peerDependenciesMeta": {
        "bare-tcp": {
          "optional": true
        }
      }
    },
    "node_modules/bare-module-lexer": {
      "version": "1.4.6",
      "resolved": "https://registry.npmjs.org/bare-module-lexer/-/bare-module-lexer-1.4.6.tgz",
      "integrity": "sha512-qQM/GaXVTlDqCFBN3it8/GD419T+/bbDjWs1k2CaRlDWZtaRcPSZgf23bjVmtP/XglN5ylGPNrAiW/vOSDSDsg==",
      "dev": true,
      "license": "Apache-2.0",
      "dependencies": {
        "require-addon": "^1.0.2"
      },
      "peerDependencies": {
        "bare-buffer": "*"
      },
      "peerDependenciesMeta": {
        "bare-buffer": {
          "optional": true
        }
      }
    },
    "node_modules/bare-module-resolve": {
      "version": "1.11.1",
      "resolved": "https://registry.npmjs.org/bare-module-resolve/-/bare-module-resolve-1.11.1.tgz",
      "integrity": "sha512-DCxeT9i8sTs3vUMA3w321OX/oXtNEu5EjObQOnTmCdNp5RXHBAvAaBDHvAi9ta0q/948QPz+co6SsGi6aQMYRg==",
      "dev": true,
      "license": "Apache-2.0",
      "dependencies": {
        "bare-semver": "^1.0.0"
      },
      "peerDependencies": {
        "bare-url": "*"
      },
      "peerDependenciesMeta": {
        "bare-url": {
          "optional": true
        }
      }
    },
    "node_modules/bare-module-traverse": {
      "version": "1.5.1",
      "resolved": "https://registry.npmjs.org/bare-module-traverse/-/bare-module-traverse-1.5.1.tgz",
      "integrity": "sha512-DxBYkQkwTDtuLipDgSvhdXc3sn9Grt4AyBQzlFzuTnchiF/eqbuHkKR1WbjuRT8bVKMHGWKm7vc+OmI8gFRw+g==",
      "dev": true,
      "license": "Apache-2.0",
      "dependencies": {
        "bare-addon-resolve": "^1.5.0",
        "bare-module-lexer": "^1.4.0",
        "bare-module-resolve": "^1.7.0"
      },
      "peerDependencies": {
        "bare-buffer": "*",
        "bare-url": "*"
      },
      "peerDependenciesMeta": {
        "bare-buffer": {
          "optional": true
        },
        "bare-url": {
          "optional": true
        }
      }
    },
    "node_modules/bare-net": {
      "version": "2.0.2",
      "resolved": "https://registry.npmjs.org/bare-net/-/bare-net-2.0.2.tgz",
      "integrity": "sha512-+YCNhd2JHVXNieydwNGg7NGbYcoHBPZlVHm9rzzXUm+ZZHv8VcEamutG6NYLdSpixzQ0k/Vj8/GzMRDEgWBLDQ==",
      "dev": true,
      "license": "Apache-2.0",
      "dependencies": {
        "bare-events": "^2.2.2",
        "bare-pipe": "^4.0.0",
        "bare-stream": "^2.0.0",
        "bare-tcp": "^2.0.0"
      }
    },
    "node_modules/bare-os": {
      "version": "3.6.2",
      "resolved": "https://registry.npmjs.org/bare-os/-/bare-os-3.6.2.tgz",
      "integrity": "sha512-T+V1+1srU2qYNBmJCXZkUY5vQ0B4FSlL3QDROnKQYOqeiQR8UbjNHlPa+TIbM4cuidiN9GaTaOZgSEgsvPbh5A==",
      "devOptional": true,
      "license": "Apache-2.0",
      "engines": {
        "bare": ">=1.14.0"
      }
    },
    "node_modules/bare-pack": {
      "version": "1.4.5",
      "resolved": "https://registry.npmjs.org/bare-pack/-/bare-pack-1.4.5.tgz",
      "integrity": "sha512-Ykw2zJVyfmLRCvfbjwX3WWvYqbO5fo0wLzJYmkiqH649nX431r4QDyOcs/iwKxDi9HTMVX0GH8ZDteDgU9S86A==",
      "dev": true,
      "license": "Apache-2.0",
      "dependencies": {
        "bare-bundle": "^1.8.3",
        "bare-bundle-id": "^1.0.0",
        "bare-fs": "^4.2.1",
        "bare-module-traverse": "~1.5.1",
        "bare-path": "^3.0.0",
        "bare-url": "*",
        "paparam": "^1.5.0",
        "promaphore": "^1.0.0"
      },
      "bin": {
        "bare-pack": "bin.js"
      },
      "peerDependencies": {
        "bare-buffer": "*",
        "bare-url": "*"
      },
      "peerDependenciesMeta": {
        "bare-buffer": {
          "optional": true
        },
        "bare-url": {
          "optional": true
        }
      }
    },
    "node_modules/bare-path": {
      "version": "3.0.0",
      "resolved": "https://registry.npmjs.org/bare-path/-/bare-path-3.0.0.tgz",
      "integrity": "sha512-tyfW2cQcB5NN8Saijrhqn0Zh7AnFNsnczRcuWODH0eYAXBsJ5gVxAUuNr7tsHSC6IZ77cA0SitzT+s47kot8Mw==",
      "devOptional": true,
      "license": "Apache-2.0",
      "dependencies": {
        "bare-os": "^3.0.1"
      }
    },
    "node_modules/bare-pipe": {
      "version": "4.0.7",
      "resolved": "https://registry.npmjs.org/bare-pipe/-/bare-pipe-4.0.7.tgz",
      "integrity": "sha512-y8C6MWpr6EnzUJ1naE04VNTwM1AW3e6abkEDxgQkcTUVPPpHijxld1zpPT1RjWdPuA0TEc8UvEgMtWomnl5X9A==",
      "dev": true,
      "license": "Apache-2.0",
      "dependencies": {
        "bare-events": "^2.0.0",
        "bare-stream": "^2.0.0"
      },
      "engines": {
        "bare": ">=1.16.0"
      }
    },
    "node_modules/bare-process": {
      "version": "4.2.1",
      "resolved": "https://registry.npmjs.org/bare-process/-/bare-process-4.2.1.tgz",
      "integrity": "sha512-wcmyQWTHxd2xRgeKUSY46ofmuEAJ9CLo/6swJTHOZFPYpBShMWNPVI2Ba8o0n/X/YE4as99M28x37saWZ1L1vQ==",
      "dev": true,
      "license": "Apache-2.0",
      "dependencies": {
        "bare-env": "^3.0.0",
        "bare-events": "^2.3.1",
        "bare-hrtime": "^2.0.0",
        "bare-os": "^3.5.0",
        "bare-pipe": "^4.0.0",
        "bare-signals": "^4.0.0",
        "bare-tty": "^5.0.0"
      }
    },
    "node_modules/bare-semver": {
      "version": "1.0.1",
      "resolved": "https://registry.npmjs.org/bare-semver/-/bare-semver-1.0.1.tgz",
      "integrity": "sha512-UtggzHLiTrmFOC/ogQ+Hy7VfoKoIwrP1UFcYtTxoCUdLtsIErT8+SWtOC2DH/snT9h+xDrcBEPcwKei1mzemgg==",
      "dev": true,
      "license": "Apache-2.0"
    },
    "node_modules/bare-signals": {
      "version": "4.0.4",
      "resolved": "https://registry.npmjs.org/bare-signals/-/bare-signals-4.0.4.tgz",
      "integrity": "sha512-RMzSHBvuxKzN7XXO0e2FXSXIjmj7nSeSXNW4jkwI6vCBkfsGwulhGAvLKcmbmQDH37c85y/NoDIPKMHqGnJskw==",
      "dev": true,
      "license": "Apache-2.0",
      "dependencies": {
        "bare-events": "^2.5.3",
        "bare-os": "^3.3.1"
      },
      "engines": {
        "bare": ">=1.7.0"
      }
    },
    "node_modules/bare-stream": {
      "version": "2.7.0",
      "resolved": "https://registry.npmjs.org/bare-stream/-/bare-stream-2.7.0.tgz",
      "integrity": "sha512-oyXQNicV1y8nc2aKffH+BUHFRXmx6VrPzlnaEvMhram0nPBrKcEdcyBg5r08D0i8VxngHFAiVyn1QKXpSG0B8A==",
      "dev": true,
      "license": "Apache-2.0",
      "dependencies": {
        "streamx": "^2.21.0"
      },
      "peerDependencies": {
        "bare-buffer": "*",
        "bare-events": "*"
      },
      "peerDependenciesMeta": {
        "bare-buffer": {
          "optional": true
        },
        "bare-events": {
          "optional": true
        }
      }
    },
    "node_modules/bare-subprocess": {
      "version": "5.1.1",
      "resolved": "https://registry.npmjs.org/bare-subprocess/-/bare-subprocess-5.1.1.tgz",
      "integrity": "sha512-NaQ9GSDe+vuw42SNViH0eaq03vPGnP9e+joVYtV0IJtSUAX3+PJBFtEFHhBKAeY8yIutFWdeu2yLrXhO5tUd0Q==",
      "dev": true,
      "license": "Apache-2.0",
      "dependencies": {
        "bare-env": "^3.0.0",
        "bare-events": "^2.5.4",
        "bare-os": "^3.0.1",
        "bare-pipe": "^4.0.0"
      },
      "engines": {
        "bare": ">=1.7.0"
      },
      "peerDependencies": {
        "bare-buffer": "*"
      },
      "peerDependenciesMeta": {
        "bare-buffer": {
          "optional": true
        }
      }
    },
    "node_modules/bare-tcp": {
      "version": "2.0.9",
      "resolved": "https://registry.npmjs.org/bare-tcp/-/bare-tcp-2.0.9.tgz",
      "integrity": "sha512-9pxbeUmAgoLitQJNe/gebVM3erWnDq2rvT07CCLUO/bgylbJbCQ8TqyUpnyDhjL2wOtOA5VhcGUkQ0djRGbSjg==",
      "dev": true,
      "license": "Apache-2.0",
      "dependencies": {
        "bare-dns": "^2.0.4",
        "bare-events": "^2.5.4",
        "bare-stream": "^2.6.4"
      },
      "engines": {
        "bare": ">=1.16.0"
      }
    },
    "node_modules/bare-tls": {
      "version": "2.1.3",
      "resolved": "https://registry.npmjs.org/bare-tls/-/bare-tls-2.1.3.tgz",
      "integrity": "sha512-axe4pw4n+RyNt+8ld11fwddkfcl0kqgVVf4nOYoJvTxT0MwbMdFIauNzvwcQtFiZ8Pqj+0T4G6yabRQj5IFG3w==",
      "dev": true,
      "license": "Apache-2.0",
      "dependencies": {
        "bare-net": "^2.0.1",
        "bare-stream": "^2.6.4"
      },
      "engines": {
        "bare": ">=1.7.0"
      }
    },
    "node_modules/bare-tty": {
      "version": "5.0.3",
      "resolved": "https://registry.npmjs.org/bare-tty/-/bare-tty-5.0.3.tgz",
      "integrity": "sha512-jW24RBWRZOMHuSEWC9mh8wUKO5WUNl0UWUTNPn3yZ8qkOqwa8vaV2dR3a+BvblONPk7V35wuvK9P8508+judAg==",
      "dev": true,
      "license": "Apache-2.0",
      "dependencies": {
        "bare-events": "^2.2.0",
        "bare-signals": "^4.0.0",
        "bare-stream": "^2.0.0"
      },
      "engines": {
        "bare": ">=1.16.0"
      }
    },
    "node_modules/bare-type": {
      "version": "1.0.8",
      "resolved": "https://registry.npmjs.org/bare-type/-/bare-type-1.0.8.tgz",
      "integrity": "sha512-7kKAjr5DziSehRe13OTRvsw74/BKgLcECZK37F8J1gnarNLZ1qwZMryC80JT+XryAqn1+vvTEJEBwgT6vhXqiQ==",
      "dev": true,
      "license": "Apache-2.0",
      "engines": {
        "bare": ">=1.2.0"
      }
    },
    "node_modules/bare-url": {
      "version": "2.2.2",
      "resolved": "https://registry.npmjs.org/bare-url/-/bare-url-2.2.2.tgz",
      "integrity": "sha512-g+ueNGKkrjMazDG3elZO1pNs3HY5+mMmOet1jtKyhOaCnkLzitxf26z7hoAEkDNgdNmnc1KIlt/dw6Po6xZMpA==",
      "devOptional": true,
      "license": "Apache-2.0",
      "dependencies": {
        "bare-path": "^3.0.0"
      }
    },
    "node_modules/bare-utils": {
      "version": "1.5.1",
      "resolved": "https://registry.npmjs.org/bare-utils/-/bare-utils-1.5.1.tgz",
      "integrity": "sha512-mxCkFvmDU3mlD/mb+pT64kKXOsx2KMsWLQbngN1LB+NOXfhfnRnyvpy3VZc6m7gzQxe57Bsi+aTCBqA4/S3elQ==",
      "dev": true,
      "license": "Apache-2.0",
      "dependencies": {
        "bare-debug-log": "^2.0.0",
        "bare-encoding": "^1.0.0",
        "bare-format": "^1.0.0",
        "bare-inspect": "^3.0.0",
        "bare-type": "^1.0.6"
      }
    },
    "node_modules/bare-v8-to-istanbul": {
      "version": "1.0.1",
      "resolved": "https://registry.npmjs.org/bare-v8-to-istanbul/-/bare-v8-to-istanbul-1.0.1.tgz",
      "integrity": "sha512-CJ52HHfzkY0WLM+eXhcVyUba27kuG81wRVqWlwICb0238szHSOfmvJbvcnlbGg9jTxd+IkLV3kbsT6j8TW1iNw==",
      "dev": true,
      "license": "Apache-2.0",
      "dependencies": {
        "bare-assert": "^1.0.2",
        "bare-fs": "^4.1.2",
        "bare-path": "^3.0.0",
        "bare-process": "^4.2.0",
        "bare-url": "^2.1.5",
        "bare-utils": "^1.2.0",
        "v8-to-istanbul": "^9.3.0",
        "which-runtime": "^1.2.1"
      }
    },
    "node_modules/bare-ws": {
      "version": "2.0.3",
      "resolved": "https://registry.npmjs.org/bare-ws/-/bare-ws-2.0.3.tgz",
      "integrity": "sha512-be3cX68FQKln0jnsuyh1eK60EIM8/hYPFNHYZykN1fS3shWhzdKFo+I4gtZloSzS4aIKtVpi7+M0by8Q9y/NSA==",
      "dev": true,
      "license": "Apache-2.0",
      "dependencies": {
        "bare-crypto": "^1.2.0",
        "bare-events": "^2.3.1",
        "bare-http1": "^4.0.0",
        "bare-https": "^2.0.0",
        "bare-stream": "^2.1.2"
      },
      "peerDependencies": {
        "bare-buffer": "*",
        "bare-url": "*"
      },
      "peerDependenciesMeta": {
        "bare-buffer": {
          "optional": true
        },
        "bare-url": {
          "optional": true
        }
      }
    },
    "node_modules/brittle": {
      "version": "3.18.3",
      "resolved": "https://registry.npmjs.org/brittle/-/brittle-3.18.3.tgz",
      "integrity": "sha512-sk6Kx/3flkQZkkhPvhFSaIjg7/P3BoHl1fZO8NsGySQsHkFH6w9XjvNSgivTNigj6Zh2nQyOVO0HkDsf1MbfUQ==",
      "dev": true,
      "license": "Apache-2.0",
      "dependencies": {
        "b4a": "^1.6.0",
        "bare-assert": "^1.0.2",
        "bare-cov": "^1.1.0",
        "bare-fs": "^4.1.6",
        "bare-os": "^3.6.1",
        "bare-path": "^3.0.0",
        "bare-process": "^4.2.1",
        "bare-subprocess": "^5.0.0",
        "bare-url": "^2.1.6",
        "error-stack-parser": "^2.1.4",
        "globbie": "^1.0.2",
        "paparam": "^1.6.2",
        "same-object": "^1.0.2",
        "test-tmp": "^1.4.0",
        "tmatch": "^5.0.0"
      },
      "bin": {
        "brittle": "bin/node.js",
        "brittle-bare": "bin/bare.js",
        "brittle-node": "bin/node.js",
        "brittle-pear": "bin/pear.js"
      }
    },
    "node_modules/convert-source-map": {
      "version": "2.0.0",
      "resolved": "https://registry.npmjs.org/convert-source-map/-/convert-source-map-2.0.0.tgz",
      "integrity": "sha512-Kvp459HrV2FEJ1CAsi1Ku+MY3kasH19TFykTz2xWmMeq6bk2NU3XXvfJ+Q61m0xktWwt+1HSYf3JZsTms3aRJg==",
      "dev": true,
      "license": "MIT"
    },
    "node_modules/error-stack-parser": {
      "version": "2.1.4",
      "resolved": "https://registry.npmjs.org/error-stack-parser/-/error-stack-parser-2.1.4.tgz",
      "integrity": "sha512-Sk5V6wVazPhq5MhpO+AUxJn5x7XSXGl1R93Vn7i+zS15KDVxQijejNCrz8340/2bgLBjR9GtEG8ZVKONDjcqGQ==",
      "dev": true,
      "license": "MIT",
      "dependencies": {
        "stackframe": "^1.3.4"
      }
    },
    "node_modules/esprima": {
      "version": "4.0.1",
      "resolved": "https://registry.npmjs.org/esprima/-/esprima-4.0.1.tgz",
      "integrity": "sha512-eGuFFw7Upda+g4p+QHvnW0RyTX/SVeJBDM/gCtMARO0cLuT2HcEKnTPvhjV6aGeqrCB/sbNop0Kszm0jsaWU4A==",
      "dev": true,
      "license": "BSD-2-Clause",
      "bin": {
        "esparse": "bin/esparse.js",
        "esvalidate": "bin/esvalidate.js"
      },
      "engines": {
        "node": ">=4"
      }
    },
    "node_modules/fast-fifo": {
      "version": "1.3.2",
      "resolved": "https://registry.npmjs.org/fast-fifo/-/fast-fifo-1.3.2.tgz",
      "integrity": "sha512-/d9sfos4yxzpwkDkuN7k2SqFKtYNmCTzgfEpz82x34IM9/zc8KGxQoXg1liNC/izpRM/MBdt44Nmx41ZWqk+FQ==",
      "dev": true,
      "license": "MIT"
    },
    "node_modules/globbie": {
      "version": "1.0.3",
      "resolved": "https://registry.npmjs.org/globbie/-/globbie-1.0.3.tgz",
      "integrity": "sha512-hcryJmKcftf82xfBWTWxuUITWIIoYO3ec104V17SMHGFl6VLbm1d1Ju9LX9L+jyJTwICpemX/dmPI/HGYoKr1A==",
      "dev": true,
      "license": "Apache-2.0",
      "dependencies": {
        "bare-fs": "^4.1.2",
        "bare-path": "^3.0.0",
        "bare-process": "^4.2.1",
        "picomatch": "^4.0.2"
      }
    },
    "node_modules/jsesc": {
      "version": "3.1.0",
      "resolved": "https://registry.npmjs.org/jsesc/-/jsesc-3.1.0.tgz",
      "integrity": "sha512-/sM3dO2FOzXjKQhJuo0Q173wf2KOo8t4I8vHy6lF9poUp7bKT0/NHE8fPX23PwfhnykfqnC2xRxOnVw5XuGIaA==",
      "dev": true,
      "license": "MIT",
      "bin": {
        "jsesc": "bin/jsesc"
      },
      "engines": {
        "node": ">=6"
      }
    },
    "node_modules/paparam": {
      "version": "1.8.5",
      "resolved": "https://registry.npmjs.org/paparam/-/paparam-1.8.5.tgz",
      "integrity": "sha512-LLsGJwf3bJuf32jAfQYIMbt7oXuY2TXG3aWVHGXrE8o9cwGYIj+r/4J/VBn5Sgo+mA5lXzNnfqPqfBGPBIvjvQ==",
      "license": "Apache-2.0"
    },
    "node_modules/picomatch": {
      "version": "4.0.3",
      "resolved": "https://registry.npmjs.org/picomatch/-/picomatch-4.0.3.tgz",
      "integrity": "sha512-5gTmgEY/sqK6gFXLIsQNH19lWb4ebPDLA4SdLP7dsWkIXHWlG66oPuVvXSGFPppYZz8ZDZq0dYYrbHfBCVUb1Q==",
      "dev": true,
      "license": "MIT",
      "engines": {
        "node": ">=12"
      },
      "funding": {
        "url": "https://github.com/sponsors/jonschlinkert"
      }
    },
    "node_modules/prettier": {
      "version": "3.6.2",
      "resolved": "https://registry.npmjs.org/prettier/-/prettier-3.6.2.tgz",
      "integrity": "sha512-I7AIg5boAr5R0FFtJ6rCfD+LFsWHp81dolrFD8S79U9tb8Az2nGrJncnMSnys+bpQJfRUzqs9hnA81OAA3hCuQ==",
      "dev": true,
      "license": "MIT",
      "bin": {
        "prettier": "bin/prettier.cjs"
      },
      "engines": {
        "node": ">=14"
      },
      "funding": {
        "url": "https://github.com/prettier/prettier?sponsor=1"
      }
    },
    "node_modules/prettier-config-standard": {
      "version": "7.0.0",
      "resolved": "https://registry.npmjs.org/prettier-config-standard/-/prettier-config-standard-7.0.0.tgz",
      "integrity": "sha512-NgZy4TYupJR6aMMuV/Aqs0ONnVhlFT8PXVkYRskxREq8EUhJHOddVfBxPV6fWpgcASpJSgvvhVLk0CBO5M3Hvw==",
      "dev": true,
      "license": "BSD-3-Clause",
      "peerDependencies": {
        "prettier": "^2.6.0 || ^3.0.0"
      }
    },
    "node_modules/promaphore": {
      "version": "1.0.0",
      "resolved": "https://registry.npmjs.org/promaphore/-/promaphore-1.0.0.tgz",
      "integrity": "sha512-Eg8401+KJddVvDULkpy8bR964GMX8xMPegL6NdxTeBH2Wa3L86cZlEHizbkFJikr5u+E3wFoR5dLWJ+1OPyEfw==",
      "dev": true,
      "license": "MIT"
    },
    "node_modules/recast": {
      "version": "0.20.5",
      "resolved": "https://registry.npmjs.org/recast/-/recast-0.20.5.tgz",
      "integrity": "sha512-E5qICoPoNL4yU0H0NoBDntNB0Q5oMSNh9usFctYniLBluTthi3RsQVBXIJNbApOlvSwW/RGxIuokPcAc59J5fQ==",
      "dev": true,
      "license": "MIT",
      "dependencies": {
        "ast-types": "0.14.2",
        "esprima": "~4.0.0",
        "source-map": "~0.6.1",
        "tslib": "^2.0.1"
      },
      "engines": {
        "node": ">= 4"
      }
    },
    "node_modules/regenerate": {
      "version": "1.4.2",
      "resolved": "https://registry.npmjs.org/regenerate/-/regenerate-1.4.2.tgz",
      "integrity": "sha512-zrceR/XhGYU/d/opr2EKO7aRHUeiBI8qjtfHqADTwZd6Szfy16la6kqD0MIUs5z5hx6AaKa+PixpPrR289+I0A==",
      "dev": true,
      "license": "MIT"
    },
    "node_modules/regenerate-unicode-properties": {
      "version": "9.0.0",
      "resolved": "https://registry.npmjs.org/regenerate-unicode-properties/-/regenerate-unicode-properties-9.0.0.tgz",
      "integrity": "sha512-3E12UeNSPfjrgwjkR81m5J7Aw/T55Tu7nUyZVQYCKEOs+2dkxEY+DpPtZzO4YruuiPb7NkYLVcyJC4+zCbk5pA==",
      "dev": true,
      "license": "MIT",
      "dependencies": {
        "regenerate": "^1.4.2"
      },
      "engines": {
        "node": ">=4"
      }
    },
    "node_modules/regexpu": {
      "version": "4.8.0",
      "resolved": "https://registry.npmjs.org/regexpu/-/regexpu-4.8.0.tgz",
      "integrity": "sha512-M3co8xXVAvkx/aD4U0xtSEtXKYjSbQMc/ad6LdYhODr7UK08lWu03t99jVlWPBH3mRWs2pIgWcyZMPXTwEM24Q==",
      "dev": true,
      "license": "MIT",
      "dependencies": {
        "jsesc": "^3.0.2",
        "recast": "^0.20.5",
        "regexpu-core": "^4.8.0"
      },
      "bin": {
        "regexpu": "bin/regexpu"
      },
      "engines": {
        "node": ">=6"
      }
    },
    "node_modules/regexpu-core": {
      "version": "4.8.0",
      "resolved": "https://registry.npmjs.org/regexpu-core/-/regexpu-core-4.8.0.tgz",
      "integrity": "sha512-1F6bYsoYiz6is+oz70NWur2Vlh9KWtswuRuzJOfeYUrfPX2o8n74AnUVaOGDbUqVGO9fNHu48/pjJO4sNVwsOg==",
      "dev": true,
      "license": "MIT",
      "dependencies": {
        "regenerate": "^1.4.2",
        "regenerate-unicode-properties": "^9.0.0",
        "regjsgen": "^0.5.2",
        "regjsparser": "^0.7.0",
        "unicode-match-property-ecmascript": "^2.0.0",
        "unicode-match-property-value-ecmascript": "^2.0.0"
      },
      "engines": {
        "node": ">=4"
      }
    },
    "node_modules/regjsgen": {
      "version": "0.5.2",
      "resolved": "https://registry.npmjs.org/regjsgen/-/regjsgen-0.5.2.tgz",
      "integrity": "sha512-OFFT3MfrH90xIW8OOSyUrk6QHD5E9JOTeGodiJeBS3J6IwlgzJMNE/1bZklWz5oTg+9dCMyEetclvCVXOPoN3A==",
      "dev": true,
      "license": "MIT"
    },
    "node_modules/regjsparser": {
      "version": "0.7.0",
      "resolved": "https://registry.npmjs.org/regjsparser/-/regjsparser-0.7.0.tgz",
      "integrity": "sha512-A4pcaORqmNMDVwUjWoTzuhwMGpP+NykpfqAsEgI1FSH/EzC7lrN5TMd+kN8YCovX+jMpu8eaqXgXPCa0g8FQNQ==",
      "dev": true,
      "license": "BSD-2-Clause",
      "dependencies": {
        "jsesc": "~0.5.0"
      },
      "bin": {
        "regjsparser": "bin/parser"
      }
    },
    "node_modules/regjsparser/node_modules/jsesc": {
      "version": "0.5.0",
      "resolved": "https://registry.npmjs.org/jsesc/-/jsesc-0.5.0.tgz",
      "integrity": "sha512-uZz5UnB7u4T9LvwmFqXii7pZSouaRPorGs5who1Ip7VO0wxanFvBL7GkM6dTHlgX+jhBApRetaWpnDabOeTcnA==",
      "dev": true,
      "bin": {
        "jsesc": "bin/jsesc"
      }
    },
    "node_modules/require-addon": {
      "version": "1.1.0",
      "resolved": "https://registry.npmjs.org/require-addon/-/require-addon-1.1.0.tgz",
      "integrity": "sha512-KbXAD5q2+v1GJnkzd8zzbOxchTkStSyJZ9QwoCq3QwEXAaIlG3wDYRZGzVD357jmwaGY7hr5VaoEAL0BkF0Kvg==",
      "dev": true,
      "license": "Apache-2.0",
      "dependencies": {
        "bare-addon-resolve": "^1.3.0",
        "bare-url": "^2.1.0"
      },
      "engines": {
        "bare": ">=1.10.0"
      }
    },
    "node_modules/same-object": {
      "version": "1.0.2",
      "resolved": "https://registry.npmjs.org/same-object/-/same-object-1.0.2.tgz",
      "integrity": "sha512-csHWhvUsLbIOHDM/nP+KHWM+BLPsIzWkFa8HbzaI0G7BqKXgx+7FJpKTGgLXyz5amfdY2OVBcmXTqYOMEk04og==",
      "dev": true,
      "license": "MIT"
    },
    "node_modules/sodium-native": {
      "version": "5.0.8",
      "resolved": "https://registry.npmjs.org/sodium-native/-/sodium-native-5.0.8.tgz",
      "integrity": "sha512-2ZxmF9Llvo/3X3NAc8VV6JFoswObg9u27Q8Be4BtCLDiejXuTt6Nm7+iIWUv+WMcs1eJ7YV5U2f4e8LidfIlRQ==",
      "dev": true,
      "license": "MIT",
      "dependencies": {
        "require-addon": "^1.1.0",
        "which-runtime": "^1.2.1"
      },
      "engines": {
        "bare": ">=1.16.0"
      }
    },
    "node_modules/source-map": {
      "version": "0.6.1",
      "resolved": "https://registry.npmjs.org/source-map/-/source-map-0.6.1.tgz",
      "integrity": "sha512-UjgapumWlbMhkBgzT7Ykc5YXUT46F0iKu8SGXq0bcwP5dz/h0Plj6enJqjz1Zbq2l5WaqYnrVbwWOWMyF3F47g==",
      "dev": true,
      "license": "BSD-3-Clause",
      "engines": {
        "node": ">=0.10.0"
      }
    },
    "node_modules/stackframe": {
      "version": "1.3.4",
      "resolved": "https://registry.npmjs.org/stackframe/-/stackframe-1.3.4.tgz",
      "integrity": "sha512-oeVtt7eWQS+Na6F//S4kJ2K2VbRlS9D43mAlMyVpVWovy9o+jfgH8O9agzANzaiLjclA0oYzUXEM4PurhSUChw==",
      "dev": true,
      "license": "MIT"
    },
    "node_modules/streamx": {
      "version": "2.22.1",
      "resolved": "https://registry.npmjs.org/streamx/-/streamx-2.22.1.tgz",
      "integrity": "sha512-znKXEBxfatz2GBNK02kRnCXjV+AA4kjZIUxeWSr3UGirZMJfTE9uiwKHobnbgxWyL/JWro8tTq+vOqAK1/qbSA==",
      "dev": true,
      "license": "MIT",
      "dependencies": {
        "fast-fifo": "^1.3.2",
        "text-decoder": "^1.1.0"
      },
      "optionalDependencies": {
        "bare-events": "^2.2.0"
      }
    },
    "node_modules/test-tmp": {
      "version": "1.4.0",
      "resolved": "https://registry.npmjs.org/test-tmp/-/test-tmp-1.4.0.tgz",
      "integrity": "sha512-GVggxGg+jXqP2Wbju50JVLo+9E+nIOPPyWqgr63EbOnNItIKu1cEbJpTWAJeflnyGqXOtcMI7ijHRp88GUkfDA==",
      "dev": true,
      "license": "MIT",
      "dependencies": {
        "bare-fs": "^4.0.1",
        "bare-os": "^3.3.0",
        "bare-path": "^3.0.0"
      }
    },
    "node_modules/text-decoder": {
      "version": "1.2.3",
      "resolved": "https://registry.npmjs.org/text-decoder/-/text-decoder-1.2.3.tgz",
      "integrity": "sha512-3/o9z3X0X0fTupwsYvR03pJ/DjWuqqrfwBgTQzdWDiQSm9KitAyz/9WqsT2JQW7KV2m+bC2ol/zqpW37NHxLaA==",
      "dev": true,
      "license": "Apache-2.0",
      "dependencies": {
        "b4a": "^1.6.4"
      }
    },
    "node_modules/tmatch": {
      "version": "5.0.0",
      "resolved": "https://registry.npmjs.org/tmatch/-/tmatch-5.0.0.tgz",
      "integrity": "sha512-Ib9OtBkpHn07tXP04SlN1SYRxFgTk6wSM2EBmjjxug4u5RXPRVLkdFJSS1PmrQidaSB8Lru9nRtViQBsbxzE5Q==",
      "dev": true,
      "license": "ISC",
      "engines": {
        "node": ">=8"
      }
    },
    "node_modules/tslib": {
      "version": "2.8.1",
      "resolved": "https://registry.npmjs.org/tslib/-/tslib-2.8.1.tgz",
      "integrity": "sha512-oJFu94HQb+KVduSUQL7wnpmqnfmLsOA/nAh6b6EH0wCEoK0/mPeXU6c3wKDV83MkOuHPRHtSXKKU99IBazS/2w==",
      "dev": true,
      "license": "0BSD"
    },
    "node_modules/unicode-canonical-property-names-ecmascript": {
      "version": "2.0.1",
      "resolved": "https://registry.npmjs.org/unicode-canonical-property-names-ecmascript/-/unicode-canonical-property-names-ecmascript-2.0.1.tgz",
      "integrity": "sha512-dA8WbNeb2a6oQzAQ55YlT5vQAWGV9WXOsi3SskE3bcCdM0P4SDd+24zS/OCacdRq5BkdsRj9q3Pg6YyQoxIGqg==",
      "dev": true,
      "license": "MIT",
      "engines": {
        "node": ">=4"
      }
    },
    "node_modules/unicode-match-property-ecmascript": {
      "version": "2.0.0",
      "resolved": "https://registry.npmjs.org/unicode-match-property-ecmascript/-/unicode-match-property-ecmascript-2.0.0.tgz",
      "integrity": "sha512-5kaZCrbp5mmbz5ulBkDkbY0SsPOjKqVS35VpL9ulMPfSl0J0Xsm+9Evphv9CoIZFwre7aJoa94AY6seMKGVN5Q==",
      "dev": true,
      "license": "MIT",
      "dependencies": {
        "unicode-canonical-property-names-ecmascript": "^2.0.0",
        "unicode-property-aliases-ecmascript": "^2.0.0"
      },
      "engines": {
        "node": ">=4"
      }
    },
    "node_modules/unicode-match-property-value-ecmascript": {
      "version": "2.2.0",
      "resolved": "https://registry.npmjs.org/unicode-match-property-value-ecmascript/-/unicode-match-property-value-ecmascript-2.2.0.tgz",
      "integrity": "sha512-4IehN3V/+kkr5YeSSDDQG8QLqO26XpL2XP3GQtqwlT/QYSECAwFztxVHjlbh0+gjJ3XmNLS0zDsbgs9jWKExLg==",
      "dev": true,
      "license": "MIT",
      "engines": {
        "node": ">=4"
      }
    },
    "node_modules/unicode-property-aliases-ecmascript": {
      "version": "2.1.0",
      "resolved": "https://registry.npmjs.org/unicode-property-aliases-ecmascript/-/unicode-property-aliases-ecmascript-2.1.0.tgz",
      "integrity": "sha512-6t3foTQI9qne+OZoVQB/8x8rk2k1eVy1gRXhV3oFQ5T6R1dqQ1xtin3XqSlx3+ATBkliTaR/hHyJBm+LVPNM8w==",
      "dev": true,
      "license": "MIT",
      "engines": {
        "node": ">=4"
      }
    },
    "node_modules/v8-to-istanbul": {
      "version": "9.3.0",
      "resolved": "https://registry.npmjs.org/v8-to-istanbul/-/v8-to-istanbul-9.3.0.tgz",
      "integrity": "sha512-kiGUalWN+rgBJ/1OHZsBtU4rXZOfj/7rKQxULKlIzwzQSvMJUUNgPwJEEh7gU6xEVxC0ahoOBvN2YI8GH6FNgA==",
      "dev": true,
      "license": "ISC",
      "dependencies": {
        "@jridgewell/trace-mapping": "^0.3.12",
        "@types/istanbul-lib-coverage": "^2.0.1",
        "convert-source-map": "^2.0.0"
      },
      "engines": {
        "node": ">=10.12.0"
      }
    },
    "node_modules/which-runtime": {
      "version": "1.3.1",
      "resolved": "https://registry.npmjs.org/which-runtime/-/which-runtime-1.3.1.tgz",
      "integrity": "sha512-7IbXO27OWisAsG6FrgF8z+1VJf1ZQD3Sh1+/DpdNbYSioQ9m+Q5rVcUBfmeiIJnyRXA8CcxlfjTtBIkVA9lCgg==",
      "dev": true,
      "license": "Apache-2.0"
    }
  }
}
